
Microsoft Visual Studio Solution File, Format Version 12.00
# Visual Studio Version 17
VisualStudioVersion = 17.6.33829.357
MinimumVisualStudioVersion = 10.0.40219.1
Project("{FAE04EC0-301F-11D3-BF4B-00C04F79EFBC}") = "Kutuphane.Entities", "Kutuphane.Entities\Kutuphane.Entities.csproj", "{910EC144-FAFD-4245-BBDB-D2EFAF51BFE8}"
EndProject
Project("{FAE04EC0-301F-11D3-BF4B-00C04F79EFBC}") = "Kutuphane.DataAccessLayer", "Kutuphane.DataAccessLayer\Kutuphane.DataAccessLayer.csproj", "{BBCFF780-B17C-41A7-8F45-0B6E2A35989B}"
EndProject
Project("{FAE04EC0-301F-11D3-BF4B-00C04F79EFBC}") = "Kutuphane.Test", "Kutuphane.Test\Kutuphane.Test.csproj", "{DD19EC86-7A7F-48E2-944B-CE94C5FCA189}"
EndProject
Global
	GlobalSection(SolutionConfigurationPlatforms) = preSolution
		Debug|Any CPU = Debug|Any CPU
		Release|Any CPU = Release|Any CPU
	EndGlobalSection
	GlobalSection(ProjectConfigurationPlatforms) = postSolution
		{910EC144-FAFD-4245-BBDB-D2EFAF51BFE8}.Debug|Any CPU.ActiveCfg = Debug|Any CPU
		{910EC144-FAFD-4245-BBDB-D2EFAF51BFE8}.Debug|Any CPU.Build.0 = Debug|Any CPU
		{910EC144-FAFD-4245-BBDB-D2EFAF51BFE8}.Release|Any CPU.ActiveCfg = Release|Any CPU
		{910EC144-FAFD-4245-BBDB-D2EFAF51BFE8}.Release|Any CPU.Build.0 = Release|Any CPU
		{BBCFF780-B17C-41A7-8F45-0B6E2A35989B}.Debug|Any CPU.ActiveCfg = Debug|Any CPU
		{BBCFF780-B17C-41A7-8F45-0B6E2A35989B}.Debug|Any CPU.Build.0 = Debug|Any CPU
		{BBCFF780-B17C-41A7-8F45-0B6E2A35989B}.Release|Any CPU.ActiveCfg = Release|Any CPU
		{BBCFF780-B17C-41A7-8F45-0B6E2A35989B}.Release|Any CPU.Build.0 = Release|Any CPU
		{DD19EC86-7A7F-48E2-944B-CE94C5FCA189}.Debug|Any CPU.ActiveCfg = Debug|Any CPU
		{DD19EC86-7A7F-48E2-944B-CE94C5FCA189}.Debug|Any CPU.Build.0 = Debug|Any CPU
		{DD19EC86-7A7F-48E2-944B-CE94C5FCA189}.Release|Any CPU.ActiveCfg = Release|Any CPU
		{DD19EC86-7A7F-48E2-944B-CE94C5FCA189}.Release|Any CPU.Build.0 = Release|Any CPU
	EndGlobalSection
	GlobalSection(SolutionProperties) = preSolution
		HideSolutionNode = FALSE
	EndGlobalSection
	GlobalSection(ExtensibilityGlobals) = postSolution
		SolutionGuid = {C934EF8F-579D-4FBC-A8A4-DA8FB3C04118}
	EndGlobalSection
EndGlobal
